// !$*UTF8*$!
{
	archiveVersion = 1;
	classes = {
	};
	objectVersion = 46;
	objects = {

/* Begin PBXBuildFile section */
		883058DA1C473760002D6679 /* main.m in Sources */ = {isa = PBXBuildFile; fileRef = 883058D91C473760002D6679 /* main.m */; };
		883058DD1C473760002D6679 /* AppDelegate.m in Sources */ = {isa = PBXBuildFile; fileRef = 883058DC1C473760002D6679 /* AppDelegate.m */; };
		883058E01C473760002D6679 /* ViewController.m in Sources */ = {isa = PBXBuildFile; fileRef = 883058DF1C473760002D6679 /* ViewController.m */; };
		883058E31C473760002D6679 /* Main.storyboard in Resources */ = {isa = PBXBuildFile; fileRef = 883058E11C473760002D6679 /* Main.storyboard */; };
		883058E51C473760002D6679 /* Assets.xcassets in Resources */ = {isa = PBXBuildFile; fileRef = 883058E41C473760002D6679 /* Assets.xcassets */; };
		883058E81C473760002D6679 /* LaunchScreen.storyboard in Resources */ = {isa = PBXBuildFile; fileRef = 883058E61C473760002D6679 /* LaunchScreen.storyboard */; };
/* End PBXBuildFile section */

/* Begin PBXFileReference section */
		883058D51C473760002D6679 /* TestForGitHub.app */ = {isa = PBXFileReference; explicitFileType = wrapper.application; includeInIndex = 0; path = TestForGitHub.app; sourceTree = BUILT_PRODUCTS_DIR; };
		883058D91C473760002D6679 /* main.m */ = {isa = PBXFileReference; lastKnownFileType = sourcecode.c.objc; path = main.m; sourceTree = "<group>"; };
		883058DB1C473760002D6679 /* AppDelegate.h */ = {isa = PBXFileReference; lastKnownFileType = sourcecode.c.h; path = AppDelegate.h; sourceTree = "<group>"; };
		883058DC1C473760002D6679 /* AppDelegate.m */ = {isa = PBXFileReference; lastKnownFileType = sourcecode.c.objc; path = AppDelegate.m; sourceTree = "<group>"; };
		883058DE1C473760002D6679 /* ViewController.h */ = {isa = PBXFileReference; lastKnownFileType = sourcecode.c.h; path = ViewController.h; sourceTree = "<group>"; };
		883058DF1C473760002D6679 /* ViewController.m */ = {isa = PBXFileReference; lastKnownFileType = sourcecode.c.objc; path = ViewController.m; sourceTree = "<group>"; };
		883058E21C473760002D6679 /* Base */ = {isa = PBXFileReference; lastKnownFileType = file.storyboard; name = Base; path = Base.lproj/Main.storyboard; sourceTree = "<group>"; };
		883058E41C473760002D6679 /* Assets.xcassets */ = {isa = PBXFileReference; lastKnownFileType = folder.assetcatalog; path = Assets.xcassets; sourceTree = "<group>"; };
		883058E71C473760002D6679 /* Base */ = {isa = PBXFileReference; lastKnownFileType = file.storyboard; name = Base; path = Base.lproj/LaunchScreen.storyboard; sourceTree = "<group>"; };
		883058E91C473760002D6679 /* Info.plist */ = {isa = PBXFileReference; lastKnownFileType = text.plist.xml; path = Info.plist; sourceTree = "<group>"; };
/* End PBXFileReference section */

/* Begin PBXFrameworksBuildPhase section */
		883058D21C473760002D6679 /* Frameworks */ = {
			isa = PBXFrameworksBuildPhase;
			buildActionMask = 2147483647;
			files = (
			);
			runOnlyForDeploymentPostprocessing = 0;
		};
/* End PBXFrameworksBuildPhase section */

/* Begin PBXGroup section */
		883058CC1C473760002D6679 = {
			isa = PBXGroup;
			children = (
				883058D71C473760002D6679 /* TestForGitHub */,
				883058D61C473760002D6679 /* Products */,
			);
			sourceTree = "<group>";
		};
		883058D61C473760002D6679 /* Products */ = {
			isa = PBXGroup;
			children = (
				883058D51C473760002D6679 /* TestForGitHub.app */,
			);
			name = Products;
			sourceTree = "<group>";
		};
		883058D71C473760002D6679 /* TestForGitHub */ = {
			isa = PBXGroup;
			children = (
				883058DB1C473760002D6679 /* AppDelegate.h */,
				883058DC1C473760002D6679 /* AppDelegate.m */,
				883058DE1C473760002D6679 /* ViewController.h */,
				883058DF1C473760002D6679 /* ViewController.m */,
				883058E11C473760002D6679 /* Main.storyboard */,
				883058E41C473760002D6679 /* Assets.xcassets */,
				883058E61C473760002D6679 /* LaunchScreen.storyboard */,
				883058E91C473760002D6679 /* Info.plist */,
				883058D81C473760002D6679 /* Supporting Files */,
			);
			path = TestForGitHub;
			sourceTree = "<group>";
		};
		883058D81C473760002D6679 /* Supporting Files */ = {
			isa = PBXGroup;
			children = (
				883058D91C473760002D6679 /* main.m */,
			);
			name = "Supporting Files";
			sourceTree = "<group>";
		};
/* End PBXGroup section */

/* Begin PBXNativeTarget section */
		883058D41C473760002D6679 /* TestForGitHub */ = {
			isa = PBXNativeTarget;
			buildConfigurationList = 883058EC1C473760002D6679 /* Build configuration list for PBXNativeTarget "TestForGitHub" */;
			buildPhases = (
				883058D11C473760002D6679 /* Sources */,
				883058D21C473760002D6679 /* Frameworks */,
				883058D31C473760002D6679 /* Resources */,
			);
			buildRules = (
			);
			dependencies = (
			);
			name = TestForGitHub;
			productName = TestForGitHub;
			productReference = 883058D51C473760002D6679 /* TestForGitHub.app */;
			productType = "com.apple.product-type.application";
		};
/* End PBXNativeTarget section */

/* Begin PBXProject section */
		883058CD1C473760002D6679 /* Project object */ = {
			isa = PBXProject;
			attributes = {
				LastUpgradeCheck = 0720;
				ORGANIZATIONNAME = "杨晓伟";
				TargetAttributes = {
					883058D41C473760002D6679 = {
						CreatedOnToolsVersion = 7.2;
						DevelopmentTeam = KGH92SX92C;
					};
				};
			};
			buildConfigurationList = 883058D01C473760002D6679 /* Build configuration list for PBXProject "TestForGitHub" */;
			compatibilityVersion = "Xcode 3.2";
			developmentRegion = English;
			hasScannedForEncodings = 0;
			knownRegions = (
				en,
				Base,
			);
			mainGroup = 883058CC1C473760002D6679;
			productRefGroup = 883058D61C473760002D6679 /* Products */;
			projectDirPath = "";
			projectRoot = "";
			targets = (
				883058D41C473760002D6679 /* TestForGitHub */,
			);
		};
/* End PBXProject section */

/* Begin PBXResourcesBuildPhase section */
		883058D31C473760002D6679 /* Resources */ = {
			isa = PBXResourcesBuildPhase;
			buildActionMask = 2147483647;
			files = (
				883058E81C473760002D6679 /* LaunchScreen.storyboard in Resources */,
				883058E51C473760002D6679 /* Assets.xcassets in Resources */,
				883058E31C473760002D6679 /* Main.storyboard in Resources */,
			);
			runOnlyForDeploymentPostprocessing = 0;
		};
/* End PBXResourcesBuildPhase section */

/* Begin PBXSourcesBuildPhase section */
		883058D11C473760002D6679 /* Sources */ = {
			isa = PBXSourcesBuildPhase;
			buildActionMask = 2147483647;
			files = (
				883058E01C473760002D6679 /* ViewController.m in Sources */,
				883058DD1C473760002D6679 /* AppDelegate.m in Sources */,
				883058DA1C473760002D6679 /* main.m in Sources */,
			);
			runOnlyForDeploymentPostprocessing = 0;
		};
/* End PBXSourcesBuildPhase section */

/* Begin PBXVariantGroup section */
		883058E11C473760002D6679 /* Main.storyboard */ = {
			isa = PBXVariantGroup;
			children = (
				883058E21C473760002D6679 /* Base */,
			);
			name = Main.storyboard;
			sourceTree = "<group>";
		};
		883058E61C473760002D6679 /* LaunchScreen.storyboard */ = {
			isa = PBXVariantGroup;
			children = (
				883058E71C473760002D6679 /* Base */,
			);
			name = LaunchScreen.storyboard;
			sourceTree = "<group>";
		};
/* End PBXVariantGroup section */

/* Begin XCBuildConfiguration section */
		883058EA1C473760002D6679 /* Debug */ = {
			isa = XCBuildConfiguration;
			buildSettings = {
				ALWAYS_SEARCH_USER_PATHS = NO;
				CLANG_CXX_LANGUAGE_STANDARD = "gnu++0x";
				CLANG_CXX_LIBRARY = "libc++";
				CLANG_ENABLE_MODULES = YES;
				CLANG_ENABLE_OBJC_ARC = YES;
				CLANG_WARN_BOOL_CONVERSION = YES;
				CLANG_WARN_CONSTANT_CONVERSION = YES;
				CLANG_WARN_DIRECT_OBJC_ISA_USAGE = YES_ERROR;
				CLANG_WARN_EMPTY_BODY = YES;
				CLANG_WARN_ENUM_CONVERSION = YES;
				CLANG_WARN_INT_CONVERSION = YES;
				CLANG_WARN_OBJC_ROOT_CLASS = YES_ERROR;
				CLANG_WARN_UNREACHABLE_CODE = YES;
				CLANG_WARN__DUPLICATE_METHOD_MATCH = YES;
				"CODE_SIGN_IDENTITY[sdk=iphoneos*]" = "iPhone Developer";
				COPY_PHASE_STRIP = NO;
				DEBUG_INFORMATION_FORMAT = dwarf;
				ENABLE_STRICT_OBJC_MSGSEND = YES;
				ENABLE_TESTABILITY = YES;
				GCC_C_LANGUAGE_STANDARD = gnu99;
				GCC_DYNAMIC_NO_PIC = NO;
				GCC_NO_COMMON_BLOCKS = YES;
				GCC_OPTIMIZATION_LEVEL = 0;
				GCC_PREPROCESSOR_DEFINITIONS = (
					"DEBUG=1",
					"$(inherited)",
				);
				GCC_WARN_64_TO_32_BIT_CONVERSION = YES;
				GCC_WARN_ABOUT_RETURN_TYPE = YES_ERROR;
				GCC_WARN_UNDECLARED_SELECTOR = YES;
				GCC_WARN_UNINITIALIZED_AUTOS = YES_AGGRESSIVE;
				GCC_WARN_UNUSED_FUNCTION = YES;
				GCC_WARN_UNUSED_VARIABLE = YES;
				IPHONEOS_DEPLOYMENT_TARGET = 9.2;
				MTL_ENABLE_DEBUG_INFO = YES;
				ONLY_ACTIVE_ARCH = YES;
				SDKROOT = iphoneos;
				TARGETED_DEVICE_FAMILY = "1,2";
			};
			name = Debug;
		};
		883058EB1C473760002D6679 /* Release */ = {
			isa = XCBuildConfiguration;
			buildSettings = {
				ALWAYS_SEARCH_USER_PATHS = NO;
				CLANG_CXX_LANGUAGE_STANDARD = "gnu++0x";
				CLANG_CXX_LIBRARY = "libc++";
				CLANG_ENABLE_MODULES = YES;
				CLANG_ENABLE_OBJC_ARC = YES;
				CLANG_WARN_BOOL_CONVERSION = YES;
				CLANG_WARN_CONSTANT_CONVERSION = YES;
				CLANG_WARN_DIRECT_OBJC_ISA_USAGE = YES_ERROR;
				CLANG_WARN_EMPTY_BODY = YES;
				CLANG_WARN_ENUM_CONVERSION = YES;
				CLANG_WARN_INT_CONVERSION = YES;
				CLANG_WARN_OBJC_ROOT_CLASS = YES_ERROR;
				CLANG_WARN_UNREACHABLE_CODE = YES;
				CLANG_WARN__DUPLICATE_METHOD_MATCH = YES;
				"CODE_SIGN_IDENTITY[sdk=iphoneos*]" = "iPhone Developer";
				COPY_PHASE_STRIP = NO;
				DEBUG_INFORMATION_FORMAT = "dwarf-with-dsym";
				ENABLE_NS_ASSERTIONS = NO;
				ENABLE_STRICT_OBJC_MSGSEND = YES;
				GCC_C_LANGUAGE_STANDARD = gnu99;
				GCC_NO_COMMON_BLOCKS = YES;
				GCC_WARN_64_TO_32_BIT_CONVERSION = YES;
				GCC_WARN_ABOUT_RETURN_TYPE = YES_ERROR;
				GCC_WARN_UNDECLARED_SELECTOR = YES;
				GCC_WARN_UNINITIALIZED_AUTOS = YES_AGGRESSIVE;
				GCC_WARN_UNUSED_FUNCTION = YES;
				GCC_WARN_UNUSED_VARIABLE = YES;
				IPHONEOS_DEPLOYMENT_TARGET = 9.2;
				MTL_ENABLE_DEBUG_INFO = NO;
				SDKROOT = iphoneos;
				TARGETED_DEVICE_FAMILY = "1,2";
				VALIDATE_PRODUCT = YES;
			};
			name = Release;
		};
		883058ED1C473760002D6679 /* Debug */ = {
			isa = XCBuildConfiguration;
			buildSettings = {
				ASSETCATALOG_COMPILER_APPICON_NAME = AppIcon;
				INFOPLIST_FILE = TestForGitHub/Info.plist;
				LD_RUNPATH_SEARCH_PATHS = "$(inherited) @executable_path/Frameworks";
				PRODUCT_BUNDLE_IDENTIFIER = com.yxw.TestForGitHub;
				PRODUCT_NAME = "$(TARGET_NAME)";
			};
			name = Debug;
		};
		883058EE1C473760002D6679 /* Release */ = {
			isa = XCBuildConfiguration;
			buildSettings = {
				ASSETCATALOG_COMPILER_APPICON_NAME = AppIcon;
				INFOPLIST_FILE = TestForGitHub/Info.plist;
				LD_RUNPATH_SEARCH_PATHS = "$(inherited) @executable_path/Frameworks";
				PRODUCT_BUNDLE_IDENTIFIER = com.yxw.TestForGitHub;
				PRODUCT_NAME = "$(TARGET_NAME)";
			};
			name = Release;
		};
/* End XCBuildConfiguration section */

/* Begin XCConfigurationList section */
		883058D01C473760002D6679 /* Build configuration list for PBXProject "TestForGitHub" */ = {
			isa = XCConfigurationList;
			buildConfigurations = (
				883058EA1C473760002D6679 /* Debug */,
				883058EB1C473760002D6679 /* Release */,
			);
			defaultConfigurationIsVisible = 0;
			defaultConfigurationName = Release;
		};
		883058EC1C473760002D6679 /* Build configuration list for PBXNativeTarget "TestForGitHub" */ = {
			isa = XCConfigurationList;
			buildConfigurations = (
				883058ED1C473760002D6679 /* Debug */,
				883058EE1C473760002D6679 /* Release */,
			);
			defaultConfigurationIsVisible = 0;
		};
/* End XCConfigurationList section */
	};
	rootObject = 883058CD1C473760002D6679 /* Project object */;
}
